
Microsoft Visual Studio Solution File, Format Version 12.00
# Visual Studio Version 17
VisualStudioVersion = 17.0.31903.59
MinimumVisualStudioVersion = 10.0.40219.1
Project("{FAE04EC0-301F-11D3-BF4B-00C04F79EFBC}") = "Customer.Service", "Customer.Service\Customer.Service.csproj", "{48725684-DD7B-4B88-8981-9534ABF94E95}"
EndProject
Project("{FAE04EC0-301F-11D3-BF4B-00C04F79EFBC}") = "Customer.Repository", "Customer.Repository\Customer.Repository.csproj", "{C6C6500B-CB35-4ABD-AF23-2F24C4257FCF}"
EndProject
Project("{FAE04EC0-301F-11D3-BF4B-00C04F79EFBC}") = "Customer.Api", "Customer.api\Customer.Api.csproj", "{74BE4CF2-6B46-4227-ABDC-E14335C507B1}"
EndProject
Project("{FAE04EC0-301F-11D3-BF4B-00C04F79EFBC}") = "Customer.Tests", "Customer.Tests\Customer.Tests.csproj", "{D00B5DF0-0E20-4EDD-A3B7-B6241326CF10}"
EndProject
Global
	GlobalSection(SolutionConfigurationPlatforms) = preSolution
		Debug|Any CPU = Debug|Any CPU
		Release|Any CPU = Release|Any CPU
	EndGlobalSection
	GlobalSection(SolutionProperties) = preSolution
		HideSolutionNode = FALSE
	EndGlobalSection
	GlobalSection(ProjectConfigurationPlatforms) = postSolution
		{48725684-DD7B-4B88-8981-9534ABF94E95}.Debug|Any CPU.ActiveCfg = Debug|Any CPU
		{48725684-DD7B-4B88-8981-9534ABF94E95}.Debug|Any CPU.Build.0 = Debug|Any CPU
		{48725684-DD7B-4B88-8981-9534ABF94E95}.Release|Any CPU.ActiveCfg = Release|Any CPU
		{48725684-DD7B-4B88-8981-9534ABF94E95}.Release|Any CPU.Build.0 = Release|Any CPU
		{C6C6500B-CB35-4ABD-AF23-2F24C4257FCF}.Debug|Any CPU.ActiveCfg = Debug|Any CPU
		{C6C6500B-CB35-4ABD-AF23-2F24C4257FCF}.Debug|Any CPU.Build.0 = Debug|Any CPU
		{C6C6500B-CB35-4ABD-AF23-2F24C4257FCF}.Release|Any CPU.ActiveCfg = Release|Any CPU
		{C6C6500B-CB35-4ABD-AF23-2F24C4257FCF}.Release|Any CPU.Build.0 = Release|Any CPU
		{74BE4CF2-6B46-4227-ABDC-E14335C507B1}.Debug|Any CPU.ActiveCfg = Debug|Any CPU
		{74BE4CF2-6B46-4227-ABDC-E14335C507B1}.Debug|Any CPU.Build.0 = Debug|Any CPU
		{74BE4CF2-6B46-4227-ABDC-E14335C507B1}.Release|Any CPU.ActiveCfg = Release|Any CPU
		{74BE4CF2-6B46-4227-ABDC-E14335C507B1}.Release|Any CPU.Build.0 = Release|Any CPU
		{D00B5DF0-0E20-4EDD-A3B7-B6241326CF10}.Debug|Any CPU.ActiveCfg = Debug|Any CPU
		{D00B5DF0-0E20-4EDD-A3B7-B6241326CF10}.Debug|Any CPU.Build.0 = Debug|Any CPU
		{D00B5DF0-0E20-4EDD-A3B7-B6241326CF10}.Release|Any CPU.ActiveCfg = Release|Any CPU
		{D00B5DF0-0E20-4EDD-A3B7-B6241326CF10}.Release|Any CPU.Build.0 = Release|Any CPU
	EndGlobalSection
EndGlobal
